
Microsoft Visual Studio Solution File, Format Version 12.00
# Visual Studio Version 16
VisualStudioVersion = 16.0.29609.76
MinimumVisualStudioVersion = 10.0.40219.1
Project("{FAE04EC0-301F-11D3-BF4B-00C04F79EFBC}") = "AutoZ", "AutoZ\AutoZ.csproj", "{D601BA68-106D-42FF-8875-DA4EE33BB219}"
EndProject
Global
	GlobalSection(SolutionConfigurationPlatforms) = preSolution
		Debug|Any CPU = Debug|Any CPU
		Release|Any CPU = Release|Any CPU
	EndGlobalSection
	GlobalSection(ProjectConfigurationPlatforms) = postSolution
		{D601BA68-106D-42FF-8875-DA4EE33BB219}.Debug|Any CPU.ActiveCfg = Debug|Any CPU
		{D601BA68-106D-42FF-8875-DA4EE33BB219}.Debug|Any CPU.Build.0 = Debug|Any CPU
		{D601BA68-106D-42FF-8875-DA4EE33BB219}.Release|Any CPU.ActiveCfg = Release|Any CPU
		{D601BA68-106D-42FF-8875-DA4EE33BB219}.Release|Any CPU.Build.0 = Release|Any CPU
	EndGlobalSection
	GlobalSection(SolutionProperties) = preSolution
		HideSolutionNode = FALSE
	EndGlobalSection
	GlobalSection(ExtensibilityGlobals) = postSolution
		SolutionGuid = {6B84EC9E-045E-4AC5-ADCE-2CDC3C9EBE5A}
	EndGlobalSection
EndGlobal
